// !$*UTF8*$!
{
	archiveVersion = 1;
	classes = {
	};
	objectVersion = 50;
	objects = {

/* Begin PBXBuildFile section */
		C32500E62291962B0070A973 /* AppDelegate.swift in Sources */ = {isa = PBXBuildFile; fileRef = C32500E52291962B0070A973 /* AppDelegate.swift */; };
		C32500E82291962B0070A973 /* ViewController.swift in Sources */ = {isa = PBXBuildFile; fileRef = C32500E72291962B0070A973 /* ViewController.swift */; };
		C32500EB2291962B0070A973 /* Main.storyboard in Resources */ = {isa = PBXBuildFile; fileRef = C32500E92291962B0070A973 /* Main.storyboard */; };
		C32500ED2291962D0070A973 /* Assets.xcassets in Resources */ = {isa = PBXBuildFile; fileRef = C32500EC2291962D0070A973 /* Assets.xcassets */; };
		C32500F02291962D0070A973 /* LaunchScreen.storyboard in Resources */ = {isa = PBXBuildFile; fileRef = C32500EE2291962D0070A973 /* LaunchScreen.storyboard */; };
		C32500FA229196A50070A973 /* Despesa.swift in Sources */ = {isa = PBXBuildFile; fileRef = C32500F9229196A50070A973 /* Despesa.swift */; };
/* End PBXBuildFile section */

/* Begin PBXFileReference section */
		C32500E22291962B0070A973 /* Desafio-iOSMobills.app */ = {isa = PBXFileReference; explicitFileType = wrapper.application; includeInIndex = 0; path = "Desafio-iOSMobills.app"; sourceTree = BUILT_PRODUCTS_DIR; };
		C32500E52291962B0070A973 /* AppDelegate.swift */ = {isa = PBXFileReference; lastKnownFileType = sourcecode.swift; path = AppDelegate.swift; sourceTree = "<group>"; };
		C32500E72291962B0070A973 /* ViewController.swift */ = {isa = PBXFileReference; lastKnownFileType = sourcecode.swift; path = ViewController.swift; sourceTree = "<group>"; };
		C32500EA2291962B0070A973 /* Base */ = {isa = PBXFileReference; lastKnownFileType = file.storyboard; name = Base; path = Base.lproj/Main.storyboard; sourceTree = "<group>"; };
		C32500EC2291962D0070A973 /* Assets.xcassets */ = {isa = PBXFileReference; lastKnownFileType = folder.assetcatalog; path = Assets.xcassets; sourceTree = "<group>"; };
		C32500EF2291962D0070A973 /* Base */ = {isa = PBXFileReference; lastKnownFileType = file.storyboard; name = Base; path = Base.lproj/LaunchScreen.storyboard; sourceTree = "<group>"; };
		C32500F12291962D0070A973 /* Info.plist */ = {isa = PBXFileReference; lastKnownFileType = text.plist.xml; path = Info.plist; sourceTree = "<group>"; };
		C32500F9229196A50070A973 /* Despesa.swift */ = {isa = PBXFileReference; lastKnownFileType = sourcecode.swift; path = Despesa.swift; sourceTree = "<group>"; };
/* End PBXFileReference section */

/* Begin PBXFrameworksBuildPhase section */
		C32500DF2291962B0070A973 /* Frameworks */ = {
			isa = PBXFrameworksBuildPhase;
			buildActionMask = 2147483647;
			files = (
			);
			runOnlyForDeploymentPostprocessing = 0;
		};
/* End PBXFrameworksBuildPhase section */

/* Begin PBXGroup section */
		C32500D92291962B0070A973 = {
			isa = PBXGroup;
			children = (
				C32500E42291962B0070A973 /* Desafio-iOSMobills */,
				C32500E32291962B0070A973 /* Products */,
			);
			sourceTree = "<group>";
		};
		C32500E32291962B0070A973 /* Products */ = {
			isa = PBXGroup;
			children = (
				C32500E22291962B0070A973 /* Desafio-iOSMobills.app */,
			);
			name = Products;
			sourceTree = "<group>";
		};
		C32500E42291962B0070A973 /* Desafio-iOSMobills */ = {
			isa = PBXGroup;
			children = (
				C32500F7229196530070A973 /* Model */,
				C32500F82291965A0070A973 /* Controller */,
				C32500E52291962B0070A973 /* AppDelegate.swift */,
				C32500E72291962B0070A973 /* ViewController.swift */,
				C32500E92291962B0070A973 /* Main.storyboard */,
				C32500EC2291962D0070A973 /* Assets.xcassets */,
				C32500EE2291962D0070A973 /* LaunchScreen.storyboard */,
				C32500F12291962D0070A973 /* Info.plist */,
			);
			path = "Desafio-iOSMobills";
			sourceTree = "<group>";
		};
		C32500F7229196530070A973 /* Model */ = {
			isa = PBXGroup;
			children = (
				C32500F9229196A50070A973 /* Despesa.swift */,
			);
			path = Model;
			sourceTree = "<group>";
		};
		C32500F82291965A0070A973 /* Controller */ = {
			isa = PBXGroup;
			children = (
			);
			path = Controller;
			sourceTree = "<group>";
		};
/* End PBXGroup section */

/* Begin PBXNativeTarget section */
		C32500E12291962B0070A973 /* Desafio-iOSMobills */ = {
			isa = PBXNativeTarget;
			buildConfigurationList = C32500F42291962D0070A973 /* Build configuration list for PBXNativeTarget "Desafio-iOSMobills" */;
			buildPhases = (
				C32500DE2291962B0070A973 /* Sources */,
				C32500DF2291962B0070A973 /* Frameworks */,
				C32500E02291962B0070A973 /* Resources */,
			);
			buildRules = (
			);
			dependencies = (
			);
			name = "Desafio-iOSMobills";
			productName = "Desafio-iOSMobills";
			productReference = C32500E22291962B0070A973 /* Desafio-iOSMobills.app */;
			productType = "com.apple.product-type.application";
		};
/* End PBXNativeTarget section */

/* Begin PBXProject section */
		C32500DA2291962B0070A973 /* Project object */ = {
			isa = PBXProject;
			attributes = {
				LastSwiftUpdateCheck = 1020;
				LastUpgradeCheck = 1020;
				ORGANIZATIONNAME = "João Felipe Maciel";
				TargetAttributes = {
					C32500E12291962B0070A973 = {
						CreatedOnToolsVersion = 10.2.1;
					};
				};
			};
			buildConfigurationList = C32500DD2291962B0070A973 /* Build configuration list for PBXProject "Desafio-iOSMobills" */;
			compatibilityVersion = "Xcode 9.3";
			developmentRegion = en;
			hasScannedForEncodings = 0;
			knownRegions = (
				en,
				Base,
			);
			mainGroup = C32500D92291962B0070A973;
			productRefGroup = C32500E32291962B0070A973 /* Products */;
			projectDirPath = "";
			projectRoot = "";
			targets = (
				C32500E12291962B0070A973 /* Desafio-iOSMobills */,
			);
		};
/* End PBXProject section */

/* Begin PBXResourcesBuildPhase section */
		C32500E02291962B0070A973 /* Resources */ = {
			isa = PBXResourcesBuildPhase;
			buildActionMask = 2147483647;
			files = (
				C32500F02291962D0070A973 /* LaunchScreen.storyboard in Resources */,
				C32500ED2291962D0070A973 /* Assets.xcassets in Resources */,
				C32500EB2291962B0070A973 /* Main.storyboard in Resources */,
			);
			runOnlyForDeploymentPostprocessing = 0;
		};
/* End PBXResourcesBuildPhase section */

/* Begin PBXSourcesBuildPhase section */
		C32500DE2291962B0070A973 /* Sources */ = {
			isa = PBXSourcesBuildPhase;
			buildActionMask = 2147483647;
			files = (
				C32500E82291962B0070A973 /* ViewController.swift in Sources */,
				C32500FA229196A50070A973 /* Despesa.swift in Sources */,
				C32500E62291962B0070A973 /* AppDelegate.swift in Sources */,
			);
			runOnlyForDeploymentPostprocessing = 0;
		};
/* End PBXSourcesBuildPhase section */

/* Begin PBXVariantGroup section */
		C32500E92291962B0070A973 /* Main.storyboard */ = {
			isa = PBXVariantGroup;
			children = (
				C32500EA2291962B0070A973 /* Base */,
			);
			name = Main.storyboard;
			sourceTree = "<group>";
		};
		C32500EE2291962D0070A973 /* LaunchScreen.storyboard */ = {
			isa = PBXVariantGroup;
			children = (
				C32500EF2291962D0070A973 /* Base */,
			);
			name = LaunchScreen.storyboard;
			sourceTree = "<group>";
		};
/* End PBXVariantGroup section */

/* Begin XCBuildConfiguration section */
		C32500F22291962D0070A973 /* Debug */ = {
			isa = XCBuildConfiguration;
			buildSettings = {
				ALWAYS_SEARCH_USER_PATHS = NO;
				CLANG_ANALYZER_NONNULL = YES;
				CLANG_ANALYZER_NUMBER_OBJECT_CONVERSION = YES_AGGRESSIVE;
				CLANG_CXX_LANGUAGE_STANDARD = "gnu++14";
				CLANG_CXX_LIBRARY = "libc++";
				CLANG_ENABLE_MODULES = YES;
				CLANG_ENABLE_OBJC_ARC = YES;
				CLANG_ENABLE_OBJC_WEAK = YES;
				CLANG_WARN_BLOCK_CAPTURE_AUTORELEASING = YES;
				CLANG_WARN_BOOL_CONVERSION = YES;
				CLANG_WARN_COMMA = YES;
				CLANG_WARN_CONSTANT_CONVERSION = YES;
				CLANG_WARN_DEPRECATED_OBJC_IMPLEMENTATIONS = YES;
				CLANG_WARN_DIRECT_OBJC_ISA_USAGE = YES_ERROR;
				CLANG_WARN_DOCUMENTATION_COMMENTS = YES;
				CLANG_WARN_EMPTY_BODY = YES;
				CLANG_WARN_ENUM_CONVERSION = YES;
				CLANG_WARN_INFINITE_RECURSION = YES;
				CLANG_WARN_INT_CONVERSION = YES;
				CLANG_WARN_NON_LITERAL_NULL_CONVERSION = YES;
				CLANG_WARN_OBJC_IMPLICIT_RETAIN_SELF = YES;
				CLANG_WARN_OBJC_LITERAL_CONVERSION = YES;
				CLANG_WARN_OBJC_ROOT_CLASS = YES_ERROR;
				CLANG_WARN_RANGE_LOOP_ANALYSIS = YES;
				CLANG_WARN_STRICT_PROTOTYPES = YES;
				CLANG_WARN_SUSPICIOUS_MOVE = YES;
				CLANG_WARN_UNGUARDED_AVAILABILITY = YES_AGGRESSIVE;
				CLANG_WARN_UNREACHABLE_CODE = YES;
				CLANG_WARN__DUPLICATE_METHOD_MATCH = YES;
				CODE_SIGN_IDENTITY = "iPhone Developer";
				COPY_PHASE_STRIP = NO;
				DEBUG_INFORMATION_FORMAT = dwarf;
				ENABLE_STRICT_OBJC_MSGSEND = YES;
				ENABLE_TESTABILITY = YES;
				GCC_C_LANGUAGE_STANDARD = gnu11;
				GCC_DYNAMIC_NO_PIC = NO;
				GCC_NO_COMMON_BLOCKS = YES;
				GCC_OPTIMIZATION_LEVEL = 0;
				GCC_PREPROCESSOR_DEFINITIONS = (
					"DEBUG=1",
					"$(inherited)",
				);
				GCC_WARN_64_TO_32_BIT_CONVERSION = YES;
				GCC_WARN_ABOUT_RETURN_TYPE = YES_ERROR;
				GCC_WARN_UNDECLARED_SELECTOR = YES;
				GCC_WARN_UNINITIALIZED_AUTOS = YES_AGGRESSIVE;
				GCC_WARN_UNUSED_FUNCTION = YES;
				GCC_WARN_UNUSED_VARIABLE = YES;
				IPHONEOS_DEPLOYMENT_TARGET = 12.2;
				MTL_ENABLE_DEBUG_INFO = INCLUDE_SOURCE;
				MTL_FAST_MATH = YES;
				ONLY_ACTIVE_ARCH = YES;
				SDKROOT = iphoneos;
				SWIFT_ACTIVE_COMPILATION_CONDITIONS = DEBUG;
				SWIFT_OPTIMIZATION_LEVEL = "-Onone";
			};
			name = Debug;
		};
		C32500F32291962D0070A973 /* Release */ = {
			isa = XCBuildConfiguration;
			buildSettings = {
				ALWAYS_SEARCH_USER_PATHS = NO;
				CLANG_ANALYZER_NONNULL = YES;
				CLANG_ANALYZER_NUMBER_OBJECT_CONVERSION = YES_AGGRESSIVE;
				CLANG_CXX_LANGUAGE_STANDARD = "gnu++14";
				CLANG_CXX_LIBRARY = "libc++";
				CLANG_ENABLE_MODULES = YES;
				CLANG_ENABLE_OBJC_ARC = YES;
				CLANG_ENABLE_OBJC_WEAK = YES;
				CLANG_WARN_BLOCK_CAPTURE_AUTORELEASING = YES;
				CLANG_WARN_BOOL_CONVERSION = YES;
				CLANG_WARN_COMMA = YES;
				CLANG_WARN_CONSTANT_CONVERSION = YES;
				CLANG_WARN_DEPRECATED_OBJC_IMPLEMENTATIONS = YES;
				CLANG_WARN_DIRECT_OBJC_ISA_USAGE = YES_ERROR;
				CLANG_WARN_DOCUMENTATION_COMMENTS = YES;
				CLANG_WARN_EMPTY_BODY = YES;
				CLANG_WARN_ENUM_CONVERSION = YES;
				CLANG_WARN_INFINITE_RECURSION = YES;
				CLANG_WARN_INT_CONVERSION = YES;
				CLANG_WARN_NON_LITERAL_NULL_CONVERSION = YES;
				CLANG_WARN_OBJC_IMPLICIT_RETAIN_SELF = YES;
				CLANG_WARN_OBJC_LITERAL_CONVERSION = YES;
				CLANG_WARN_OBJC_ROOT_CLASS = YES_ERROR;
				CLANG_WARN_RANGE_LOOP_ANALYSIS = YES;
				CLANG_WARN_STRICT_PROTOTYPES = YES;
				CLANG_WARN_SUSPICIOUS_MOVE = YES;
				CLANG_WARN_UNGUARDED_AVAILABILITY = YES_AGGRESSIVE;
				CLANG_WARN_UNREACHABLE_CODE = YES;
				CLANG_WARN__DUPLICATE_METHOD_MATCH = YES;
				CODE_SIGN_IDENTITY = "iPhone Developer";
				COPY_PHASE_STRIP = NO;
				DEBUG_INFORMATION_FORMAT = "dwarf-with-dsym";
				ENABLE_NS_ASSERTIONS = NO;
				ENABLE_STRICT_OBJC_MSGSEND = YES;
				GCC_C_LANGUAGE_STANDARD = gnu11;
				GCC_NO_COMMON_BLOCKS = YES;
				GCC_WARN_64_TO_32_BIT_CONVERSION = YES;
				GCC_WARN_ABOUT_RETURN_TYPE = YES_ERROR;
				GCC_WARN_UNDECLARED_SELECTOR = YES;
				GCC_WARN_UNINITIALIZED_AUTOS = YES_AGGRESSIVE;
				GCC_WARN_UNUSED_FUNCTION = YES;
				GCC_WARN_UNUSED_VARIABLE = YES;
				IPHONEOS_DEPLOYMENT_TARGET = 12.2;
				MTL_ENABLE_DEBUG_INFO = NO;
				MTL_FAST_MATH = YES;
				SDKROOT = iphoneos;
				SWIFT_COMPILATION_MODE = wholemodule;
				SWIFT_OPTIMIZATION_LEVEL = "-O";
				VALIDATE_PRODUCT = YES;
			};
			name = Release;
		};
		C32500F52291962D0070A973 /* Debug */ = {
			isa = XCBuildConfiguration;
			buildSettings = {
				ASSETCATALOG_COMPILER_APPICON_NAME = AppIcon;
				CODE_SIGN_STYLE = Automatic;
				DEVELOPMENT_TEAM = 8XMF2BLFJM;
				INFOPLIST_FILE = "Desafio-iOSMobills/Info.plist";
				LD_RUNPATH_SEARCH_PATHS = (
					"$(inherited)",
					"@executable_path/Frameworks",
				);
				PRODUCT_BUNDLE_IDENTIFIER = "com.cursoios11.Desafio-iOSMobills";
				PRODUCT_NAME = "$(TARGET_NAME)";
				SWIFT_VERSION = 5.0;
				TARGETED_DEVICE_FAMILY = "1,2";
			};
			name = Debug;
		};
		C32500F62291962D0070A973 /* Release */ = {
			isa = XCBuildConfiguration;
			buildSettings = {
				ASSETCATALOG_COMPILER_APPICON_NAME = AppIcon;
				CODE_SIGN_STYLE = Automatic;
				DEVELOPMENT_TEAM = 8XMF2BLFJM;
				INFOPLIST_FILE = "Desafio-iOSMobills/Info.plist";
				LD_RUNPATH_SEARCH_PATHS = (
					"$(inherited)",
					"@executable_path/Frameworks",
				);
				PRODUCT_BUNDLE_IDENTIFIER = "com.cursoios11.Desafio-iOSMobills";
				PRODUCT_NAME = "$(TARGET_NAME)";
				SWIFT_VERSION = 5.0;
				TARGETED_DEVICE_FAMILY = "1,2";
			};
			name = Release;
		};
/* End XCBuildConfiguration section */

/* Begin XCConfigurationList section */
		C32500DD2291962B0070A973 /* Build configuration list for PBXProject "Desafio-iOSMobills" */ = {
			isa = XCConfigurationList;
			buildConfigurations = (
				C32500F22291962D0070A973 /* Debug */,
				C32500F32291962D0070A973 /* Release */,
			);
			defaultConfigurationIsVisible = 0;
			defaultConfigurationName = Release;
		};
		C32500F42291962D0070A973 /* Build configuration list for PBXNativeTarget "Desafio-iOSMobills" */ = {
			isa = XCConfigurationList;
			buildConfigurations = (
				C32500F52291962D0070A973 /* Debug */,
				C32500F62291962D0070A973 /* Release */,
			);
			defaultConfigurationIsVisible = 0;
			defaultConfigurationName = Release;
		};
/* End XCConfigurationList section */
	};
	rootObject = C32500DA2291962B0070A973 /* Project object */;
}
